
Microsoft Visual Studio Solution File, Format Version 12.00
# Visual Studio Version 17
Project("{2150E333-8FDC-42A3-9474-1A3956D46DE8}") = "CMakePredefinedTargets", "CMakePredefinedTargets", "{011AA805-BAE9-3569-900C-FFC579D5571B}"
EndProject
Project("{8BC9CEB8-8B4A-11D0-8D11-00A0C91BC942}") = "CSC8503", "CSC8503\CSC8503.vcxproj", "{E1DC4D96-3A23-3E60-93BB-1F66CAEA8839}"
	ProjectSection(ProjectDependencies) = postProject
		{00FDFFF0-8104-36BB-9B00-65579647F613} = {00FDFFF0-8104-36BB-9B00-65579647F613}
		{371CF2FC-CDFC-30D0-837D-D433649A7C6D} = {371CF2FC-CDFC-30D0-837D-D433649A7C6D}
		{03EB9D97-11DF-3622-9456-26076C4C9E77} = {03EB9D97-11DF-3622-9456-26076C4C9E77}
		{79E43EBD-22ED-3238-8970-4CC0948DC16C} = {79E43EBD-22ED-3238-8970-4CC0948DC16C}
	EndProjectSection
EndProject
Project("{8BC9CEB8-8B4A-11D0-8D11-00A0C91BC942}") = "ALL_BUILD", "ALL_BUILD.vcxproj", "{1A5941B3-7023-3271-B9E8-7EFCD9FD8975}"
	ProjectSection(ProjectDependencies) = postProject
		{E1DC4D96-3A23-3E60-93BB-1F66CAEA8839} = {E1DC4D96-3A23-3E60-93BB-1F66CAEA8839}
		{00FDFFF0-8104-36BB-9B00-65579647F613} = {00FDFFF0-8104-36BB-9B00-65579647F613}
		{371CF2FC-CDFC-30D0-837D-D433649A7C6D} = {371CF2FC-CDFC-30D0-837D-D433649A7C6D}
		{03EB9D97-11DF-3622-9456-26076C4C9E77} = {03EB9D97-11DF-3622-9456-26076C4C9E77}
		{79E43EBD-22ED-3238-8970-4CC0948DC16C} = {79E43EBD-22ED-3238-8970-4CC0948DC16C}
	EndProjectSection
EndProject
Project("{8BC9CEB8-8B4A-11D0-8D11-00A0C91BC942}") = "CSC8503CoreClasses", "CSC8503CoreClasses\CSC8503CoreClasses.vcxproj", "{00FDFFF0-8104-36BB-9B00-65579647F613}"
	ProjectSection(ProjectDependencies) = postProject
		{79E43EBD-22ED-3238-8970-4CC0948DC16C} = {79E43EBD-22ED-3238-8970-4CC0948DC16C}
	EndProjectSection
EndProject
Project("{8BC9CEB8-8B4A-11D0-8D11-00A0C91BC942}") = "NCLCoreClasses", "NCLCoreClasses\NCLCoreClasses.vcxproj", "{371CF2FC-CDFC-30D0-837D-D433649A7C6D}"
	ProjectSection(ProjectDependencies) = postProject
		{79E43EBD-22ED-3238-8970-4CC0948DC16C} = {79E43EBD-22ED-3238-8970-4CC0948DC16C}
	EndProjectSection
EndProject
Project("{8BC9CEB8-8B4A-11D0-8D11-00A0C91BC942}") = "OpenGLRendering", "OpenGLRendering\OpenGLRendering.vcxproj", "{03EB9D97-11DF-3622-9456-26076C4C9E77}"
	ProjectSection(ProjectDependencies) = postProject
		{371CF2FC-CDFC-30D0-837D-D433649A7C6D} = {371CF2FC-CDFC-30D0-837D-D433649A7C6D}
		{79E43EBD-22ED-3238-8970-4CC0948DC16C} = {79E43EBD-22ED-3238-8970-4CC0948DC16C}
	EndProjectSection
EndProject
Project("{8BC9CEB8-8B4A-11D0-8D11-00A0C91BC942}") = "ZERO_CHECK", "ZERO_CHECK.vcxproj", "{79E43EBD-22ED-3238-8970-4CC0948DC16C}"
	ProjectSection(ProjectDependencies) = postProject
	EndProjectSection
EndProject
Global
	GlobalSection(SolutionConfigurationPlatforms) = preSolution
		Debug|x64 = Debug|x64
		Release|x64 = Release|x64
	EndGlobalSection
	GlobalSection(ProjectConfigurationPlatforms) = postSolution
		{E1DC4D96-3A23-3E60-93BB-1F66CAEA8839}.Debug|x64.ActiveCfg = Debug|x64
		{E1DC4D96-3A23-3E60-93BB-1F66CAEA8839}.Debug|x64.Build.0 = Debug|x64
		{E1DC4D96-3A23-3E60-93BB-1F66CAEA8839}.Release|x64.ActiveCfg = Release|x64
		{E1DC4D96-3A23-3E60-93BB-1F66CAEA8839}.Release|x64.Build.0 = Release|x64
		{1A5941B3-7023-3271-B9E8-7EFCD9FD8975}.Debug|x64.ActiveCfg = Debug|x64
		{1A5941B3-7023-3271-B9E8-7EFCD9FD8975}.Release|x64.ActiveCfg = Release|x64
		{00FDFFF0-8104-36BB-9B00-65579647F613}.Debug|x64.ActiveCfg = Debug|x64
		{00FDFFF0-8104-36BB-9B00-65579647F613}.Debug|x64.Build.0 = Debug|x64
		{00FDFFF0-8104-36BB-9B00-65579647F613}.Release|x64.ActiveCfg = Release|x64
		{00FDFFF0-8104-36BB-9B00-65579647F613}.Release|x64.Build.0 = Release|x64
		{371CF2FC-CDFC-30D0-837D-D433649A7C6D}.Debug|x64.ActiveCfg = Debug|x64
		{371CF2FC-CDFC-30D0-837D-D433649A7C6D}.Debug|x64.Build.0 = Debug|x64
		{371CF2FC-CDFC-30D0-837D-D433649A7C6D}.Release|x64.ActiveCfg = Release|x64
		{371CF2FC-CDFC-30D0-837D-D433649A7C6D}.Release|x64.Build.0 = Release|x64
		{03EB9D97-11DF-3622-9456-26076C4C9E77}.Debug|x64.ActiveCfg = Debug|x64
		{03EB9D97-11DF-3622-9456-26076C4C9E77}.Debug|x64.Build.0 = Debug|x64
		{03EB9D97-11DF-3622-9456-26076C4C9E77}.Release|x64.ActiveCfg = Release|x64
		{03EB9D97-11DF-3622-9456-26076C4C9E77}.Release|x64.Build.0 = Release|x64
		{79E43EBD-22ED-3238-8970-4CC0948DC16C}.Debug|x64.ActiveCfg = Debug|x64
		{79E43EBD-22ED-3238-8970-4CC0948DC16C}.Debug|x64.Build.0 = Debug|x64
		{79E43EBD-22ED-3238-8970-4CC0948DC16C}.Release|x64.ActiveCfg = Release|x64
		{79E43EBD-22ED-3238-8970-4CC0948DC16C}.Release|x64.Build.0 = Release|x64
	EndGlobalSection
	GlobalSection(NestedProjects) = preSolution
		{1A5941B3-7023-3271-B9E8-7EFCD9FD8975} = {011AA805-BAE9-3569-900C-FFC579D5571B}
		{79E43EBD-22ED-3238-8970-4CC0948DC16C} = {011AA805-BAE9-3569-900C-FFC579D5571B}
	EndGlobalSection
	GlobalSection(ExtensibilityGlobals) = postSolution
		SolutionGuid = {CAF316F2-8D50-35A9-87D4-BA43EAF42E1B}
	EndGlobalSection
	GlobalSection(ExtensibilityAddIns) = postSolution
	EndGlobalSection
EndGlobal
